Microsoft Visual Studio Solution File, Format Version 12.00
# Visual Studio Version 17
VisualStudioVersion = 17.5.2.0
MinimumVisualStudioVersion = 10.0.40219.1
Project("{FAE04EC0-301F-11D3-BF4B-00C04F79EFBC}") = "Aula02", "Aula02\Aula02.csproj", "{2B021C01-DFF2-2FEE-FA0A-4282742516CF}"
EndProject
Global
	GlobalSection(SolutionConfigurationPlatforms) = preSolution
		Debug|Any CPU = Debug|Any CPU
		Release|Any CPU = Release|Any CPU
	EndGlobalSection
	GlobalSection(ProjectConfigurationPlatforms) = postSolution
		{2B021C01-DFF2-2FEE-FA0A-4282742516CF}.Debug|Any CPU.ActiveCfg = Debug|Any CPU
		{2B021C01-DFF2-2FEE-FA0A-4282742516CF}.Debug|Any CPU.Build.0 = Debug|Any CPU
		{2B021C01-DFF2-2FEE-FA0A-4282742516CF}.Release|Any CPU.ActiveCfg = Release|Any CPU
		{2B021C01-DFF2-2FEE-FA0A-4282742516CF}.Release|Any CPU.Build.0 = Release|Any CPU
	EndGlobalSection
	GlobalSection(SolutionProperties) = preSolution
		HideSolutionNode = FALSE
	EndGlobalSection
	GlobalSection(ExtensibilityGlobals) = postSolution
		SolutionGuid = {54BA80DE-8C3D-4EBC-ADD7-8539D6A56168}
	EndGlobalSection
EndGlobal
